
Microsoft Visual Studio Solution File, Format Version 12.00
# Visual Studio Version 16
VisualStudioVersion = 16.0.30717.126
MinimumVisualStudioVersion = 10.0.40219.1
Project("{FAE04EC0-301F-11D3-BF4B-00C04F79EFBC}") = "DgEngine3D", "DgEngine3D\DgEngine3D.csproj", "{E99F7C8C-F5EC-4F87-ADB4-4C1540D84FD0}"
EndProject
Global
	GlobalSection(SolutionConfigurationPlatforms) = preSolution
		Debug|Any CPU = Debug|Any CPU
		Release|Any CPU = Release|Any CPU
	EndGlobalSection
	GlobalSection(ProjectConfigurationPlatforms) = postSolution
		{E99F7C8C-F5EC-4F87-ADB4-4C1540D84FD0}.Debug|Any CPU.ActiveCfg = Debug|Any CPU
		{E99F7C8C-F5EC-4F87-ADB4-4C1540D84FD0}.Debug|Any CPU.Build.0 = Debug|Any CPU
		{E99F7C8C-F5EC-4F87-ADB4-4C1540D84FD0}.Release|Any CPU.ActiveCfg = Release|Any CPU
		{E99F7C8C-F5EC-4F87-ADB4-4C1540D84FD0}.Release|Any CPU.Build.0 = Release|Any CPU
	EndGlobalSection
	GlobalSection(SolutionProperties) = preSolution
		HideSolutionNode = FALSE
	EndGlobalSection
	GlobalSection(ExtensibilityGlobals) = postSolution
		SolutionGuid = {EC13BE38-8A9A-45AC-A75F-1B482FCD0185}
	EndGlobalSection
EndGlobal
